
Microsoft Visual Studio Solution File, Format Version 12.00
# Visual Studio Version 17
VisualStudioVersion = 17.5.33627.172
MinimumVisualStudioVersion = 10.0.40219.1
Project("{FAE04EC0-301F-11D3-BF4B-00C04F79EFBC}") = "bai 6", "bai 6.csproj", "{10E15DCD-CAFA-4D23-BEC8-282E2950038B}"
EndProject
Global
	GlobalSection(SolutionConfigurationPlatforms) = preSolution
		Debug|Any CPU = Debug|Any CPU
		Release|Any CPU = Release|Any CPU
	EndGlobalSection
	GlobalSection(ProjectConfigurationPlatforms) = postSolution
		{10E15DCD-CAFA-4D23-BEC8-282E2950038B}.Debug|Any CPU.ActiveCfg = Debug|Any CPU
		{10E15DCD-CAFA-4D23-BEC8-282E2950038B}.Debug|Any CPU.Build.0 = Debug|Any CPU
		{10E15DCD-CAFA-4D23-BEC8-282E2950038B}.Release|Any CPU.ActiveCfg = Release|Any CPU
		{10E15DCD-CAFA-4D23-BEC8-282E2950038B}.Release|Any CPU.Build.0 = Release|Any CPU
	EndGlobalSection
	GlobalSection(SolutionProperties) = preSolution
		HideSolutionNode = FALSE
	EndGlobalSection
	GlobalSection(ExtensibilityGlobals) = postSolution
		SolutionGuid = {42EFE1EA-68F4-4DC9-ADEB-DA5620A11FC5}
	EndGlobalSection
EndGlobal
