
Microsoft Visual Studio Solution File, Format Version 12.00
# Visual Studio Version 17
VisualStudioVersion = 17.5.33627.172
MinimumVisualStudioVersion = 10.0.40219.1
Project("{FAE04EC0-301F-11D3-BF4B-00C04F79EFBC}") = "Project2", "Project2.csproj", "{84420A40-E414-4EA5-80C5-27400FD10695}"
EndProject
Project("{FAE04EC0-301F-11D3-BF4B-00C04F79EFBC}") = "Project3", "..\Project3\Project3.csproj", "{698B3E73-5721-44ED-B8DD-CAA9BFC7F253}"
EndProject
Project("{FAE04EC0-301F-11D3-BF4B-00C04F79EFBC}") = "ConsoleApp13", "..\ConsoleApp13\ConsoleApp13.csproj", "{7348B171-DA34-443E-A858-4B44118A66CC}"
EndProject
Global
	GlobalSection(SolutionConfigurationPlatforms) = preSolution
		Debug|Any CPU = Debug|Any CPU
		Release|Any CPU = Release|Any CPU
	EndGlobalSection
	GlobalSection(ProjectConfigurationPlatforms) = postSolution
		{84420A40-E414-4EA5-80C5-27400FD10695}.Debug|Any CPU.ActiveCfg = Debug|Any CPU
		{84420A40-E414-4EA5-80C5-27400FD10695}.Debug|Any CPU.Build.0 = Debug|Any CPU
		{84420A40-E414-4EA5-80C5-27400FD10695}.Release|Any CPU.ActiveCfg = Release|Any CPU
		{84420A40-E414-4EA5-80C5-27400FD10695}.Release|Any CPU.Build.0 = Release|Any CPU
		{698B3E73-5721-44ED-B8DD-CAA9BFC7F253}.Debug|Any CPU.ActiveCfg = Debug|Any CPU
		{698B3E73-5721-44ED-B8DD-CAA9BFC7F253}.Debug|Any CPU.Build.0 = Debug|Any CPU
		{698B3E73-5721-44ED-B8DD-CAA9BFC7F253}.Release|Any CPU.ActiveCfg = Release|Any CPU
		{698B3E73-5721-44ED-B8DD-CAA9BFC7F253}.Release|Any CPU.Build.0 = Release|Any CPU
		{7348B171-DA34-443E-A858-4B44118A66CC}.Debug|Any CPU.ActiveCfg = Debug|Any CPU
		{7348B171-DA34-443E-A858-4B44118A66CC}.Debug|Any CPU.Build.0 = Debug|Any CPU
		{7348B171-DA34-443E-A858-4B44118A66CC}.Release|Any CPU.ActiveCfg = Release|Any CPU
		{7348B171-DA34-443E-A858-4B44118A66CC}.Release|Any CPU.Build.0 = Release|Any CPU
	EndGlobalSection
	GlobalSection(SolutionProperties) = preSolution
		HideSolutionNode = FALSE
	EndGlobalSection
	GlobalSection(ExtensibilityGlobals) = postSolution
		SolutionGuid = {FDD1180D-F880-4F68-BD56-46BA9B0134EA}
	EndGlobalSection
EndGlobal
