
Microsoft Visual Studio Solution File, Format Version 12.00
# Visual Studio Version 17
VisualStudioVersion = 17.5.33627.172
MinimumVisualStudioVersion = 10.0.40219.1
Project("{FAE04EC0-301F-11D3-BF4B-00C04F79EFBC}") = "ConsoleApp5", "ConsoleApp5.csproj", "{C804A0A0-9357-424B-82CC-DB9F6D2FA377}"
EndProject
Global
	GlobalSection(SolutionConfigurationPlatforms) = preSolution
		Debug|Any CPU = Debug|Any CPU
		Release|Any CPU = Release|Any CPU
	EndGlobalSection
	GlobalSection(ProjectConfigurationPlatforms) = postSolution
		{C804A0A0-9357-424B-82CC-DB9F6D2FA377}.Debug|Any CPU.ActiveCfg = Debug|Any CPU
		{C804A0A0-9357-424B-82CC-DB9F6D2FA377}.Debug|Any CPU.Build.0 = Debug|Any CPU
		{C804A0A0-9357-424B-82CC-DB9F6D2FA377}.Release|Any CPU.ActiveCfg = Release|Any CPU
		{C804A0A0-9357-424B-82CC-DB9F6D2FA377}.Release|Any CPU.Build.0 = Release|Any CPU
	EndGlobalSection
	GlobalSection(SolutionProperties) = preSolution
		HideSolutionNode = FALSE
	EndGlobalSection
	GlobalSection(ExtensibilityGlobals) = postSolution
		SolutionGuid = {911DE751-3E3E-44D7-9997-AD8502A0F6D5}
	EndGlobalSection
EndGlobal
