
Microsoft Visual Studio Solution File, Format Version 12.00
# Visual Studio Version 17
VisualStudioVersion = 17.5.33627.172
MinimumVisualStudioVersion = 10.0.40219.1
Project("{FAE04EC0-301F-11D3-BF4B-00C04F79EFBC}") = "Array SE06205", "Array SE06205.csproj", "{F8E52806-3C59-4B0B-95BA-2F8E90230416}"
EndProject
Global
	GlobalSection(SolutionConfigurationPlatforms) = preSolution
		Debug|Any CPU = Debug|Any CPU
		Release|Any CPU = Release|Any CPU
	EndGlobalSection
	GlobalSection(ProjectConfigurationPlatforms) = postSolution
		{F8E52806-3C59-4B0B-95BA-2F8E90230416}.Debug|Any CPU.ActiveCfg = Debug|Any CPU
		{F8E52806-3C59-4B0B-95BA-2F8E90230416}.Debug|Any CPU.Build.0 = Debug|Any CPU
		{F8E52806-3C59-4B0B-95BA-2F8E90230416}.Release|Any CPU.ActiveCfg = Release|Any CPU
		{F8E52806-3C59-4B0B-95BA-2F8E90230416}.Release|Any CPU.Build.0 = Release|Any CPU
	EndGlobalSection
	GlobalSection(SolutionProperties) = preSolution
		HideSolutionNode = FALSE
	EndGlobalSection
	GlobalSection(ExtensibilityGlobals) = postSolution
		SolutionGuid = {25DBE16B-1EED-4D8A-BBF0-A49C0C661C40}
	EndGlobalSection
EndGlobal
