
Microsoft Visual Studio Solution File, Format Version 12.00
# Visual Studio Version 17
VisualStudioVersion = 17.5.33627.172
MinimumVisualStudioVersion = 10.0.40219.1
Project("{FAE04EC0-301F-11D3-BF4B-00C04F79EFBC}") = "ConsoleApp16", "ConsoleApp16.csproj", "{47181B1C-A15B-48ED-8DC6-264740D59190}"
EndProject
Global
	GlobalSection(SolutionConfigurationPlatforms) = preSolution
		Debug|Any CPU = Debug|Any CPU
		Release|Any CPU = Release|Any CPU
	EndGlobalSection
	GlobalSection(ProjectConfigurationPlatforms) = postSolution
		{47181B1C-A15B-48ED-8DC6-264740D59190}.Debug|Any CPU.ActiveCfg = Debug|Any CPU
		{47181B1C-A15B-48ED-8DC6-264740D59190}.Debug|Any CPU.Build.0 = Debug|Any CPU
		{47181B1C-A15B-48ED-8DC6-264740D59190}.Release|Any CPU.ActiveCfg = Release|Any CPU
		{47181B1C-A15B-48ED-8DC6-264740D59190}.Release|Any CPU.Build.0 = Release|Any CPU
	EndGlobalSection
	GlobalSection(SolutionProperties) = preSolution
		HideSolutionNode = FALSE
	EndGlobalSection
	GlobalSection(ExtensibilityGlobals) = postSolution
		SolutionGuid = {A30169FF-A755-4141-8A0C-8B46E0806540}
	EndGlobalSection
EndGlobal
